
Microsoft Visual Studio Solution File, Format Version 11.00
# Visual Studio 2010
Project("{8BC9CEB8-8B4A-11D0-8D11-00A0C91BC942}") = "ClothSimulator", "ClothSimulator\ClothSimulator.vcxproj", "{740CACE8-B6A3-4FD4-9B50-3BE66BCCDFEE}"
EndProject
Project("{FAE04EC0-301F-11D3-BF4B-00C04F79EFBC}") = "ClothSimulatorGUI", "ClothSimulator\ClothSimulatorGUI.csproj", "{D4CACB35-01A7-42DD-9E7B-FC67784D31F9}"
EndProject
Project("{8BC9CEB8-8B4A-11D0-8D11-00A0C91BC942}") = "ClothSimulatorWrapper", "ClothSimulator\ClothSimulatorWrapper.vcxproj", "{6E901A7B-3995-4C31-B23F-5BC7614384BF}"
EndProject
Project("{2150E333-8FDC-42A3-9474-1A3956D46DE8}") = "Solution Items", "Solution Items", "{3736609E-39A2-4236-B580-DC8B6C5D871D}"
	ProjectSection(SolutionItems) = preProject
		.gitignore = .gitignore
		readme.txt = readme.txt
	EndProjectSection
EndProject
Global
	GlobalSection(SolutionConfigurationPlatforms) = preSolution
		Debug|Mixed Platforms = Debug|Mixed Platforms
		Debug|Win32 = Debug|Win32
		Debug|x86 = Debug|x86
		Release|Mixed Platforms = Release|Mixed Platforms
		Release|Win32 = Release|Win32
		Release|x86 = Release|x86
	EndGlobalSection
	GlobalSection(ProjectConfigurationPlatforms) = postSolution
		{740CACE8-B6A3-4FD4-9B50-3BE66BCCDFEE}.Debug|Mixed Platforms.ActiveCfg = Debug|Win32
		{740CACE8-B6A3-4FD4-9B50-3BE66BCCDFEE}.Debug|Mixed Platforms.Build.0 = Debug|Win32
		{740CACE8-B6A3-4FD4-9B50-3BE66BCCDFEE}.Debug|Win32.ActiveCfg = Debug|Win32
		{740CACE8-B6A3-4FD4-9B50-3BE66BCCDFEE}.Debug|Win32.Build.0 = Debug|Win32
		{740CACE8-B6A3-4FD4-9B50-3BE66BCCDFEE}.Debug|x86.ActiveCfg = Debug|Win32
		{740CACE8-B6A3-4FD4-9B50-3BE66BCCDFEE}.Release|Mixed Platforms.ActiveCfg = Release|Win32
		{740CACE8-B6A3-4FD4-9B50-3BE66BCCDFEE}.Release|Mixed Platforms.Build.0 = Release|Win32
		{740CACE8-B6A3-4FD4-9B50-3BE66BCCDFEE}.Release|Win32.ActiveCfg = Release|Win32
		{740CACE8-B6A3-4FD4-9B50-3BE66BCCDFEE}.Release|Win32.Build.0 = Release|Win32
		{740CACE8-B6A3-4FD4-9B50-3BE66BCCDFEE}.Release|x86.ActiveCfg = Release|Win32
		{D4CACB35-01A7-42DD-9E7B-FC67784D31F9}.Debug|Mixed Platforms.ActiveCfg = Debug|x86
		{D4CACB35-01A7-42DD-9E7B-FC67784D31F9}.Debug|Mixed Platforms.Build.0 = Debug|x86
		{D4CACB35-01A7-42DD-9E7B-FC67784D31F9}.Debug|Win32.ActiveCfg = Debug|x86
		{D4CACB35-01A7-42DD-9E7B-FC67784D31F9}.Debug|x86.ActiveCfg = Debug|x86
		{D4CACB35-01A7-42DD-9E7B-FC67784D31F9}.Debug|x86.Build.0 = Debug|x86
		{D4CACB35-01A7-42DD-9E7B-FC67784D31F9}.Release|Mixed Platforms.ActiveCfg = Release|x86
		{D4CACB35-01A7-42DD-9E7B-FC67784D31F9}.Release|Mixed Platforms.Build.0 = Release|x86
		{D4CACB35-01A7-42DD-9E7B-FC67784D31F9}.Release|Win32.ActiveCfg = Release|x86
		{D4CACB35-01A7-42DD-9E7B-FC67784D31F9}.Release|x86.ActiveCfg = Release|x86
		{D4CACB35-01A7-42DD-9E7B-FC67784D31F9}.Release|x86.Build.0 = Release|x86
		{6E901A7B-3995-4C31-B23F-5BC7614384BF}.Debug|Mixed Platforms.ActiveCfg = Debug|Win32
		{6E901A7B-3995-4C31-B23F-5BC7614384BF}.Debug|Mixed Platforms.Build.0 = Debug|Win32
		{6E901A7B-3995-4C31-B23F-5BC7614384BF}.Debug|Win32.ActiveCfg = Debug|Win32
		{6E901A7B-3995-4C31-B23F-5BC7614384BF}.Debug|Win32.Build.0 = Debug|Win32
		{6E901A7B-3995-4C31-B23F-5BC7614384BF}.Debug|x86.ActiveCfg = Debug|Win32
		{6E901A7B-3995-4C31-B23F-5BC7614384BF}.Release|Mixed Platforms.ActiveCfg = Release|Win32
		{6E901A7B-3995-4C31-B23F-5BC7614384BF}.Release|Mixed Platforms.Build.0 = Release|Win32
		{6E901A7B-3995-4C31-B23F-5BC7614384BF}.Release|Win32.ActiveCfg = Release|Win32
		{6E901A7B-3995-4C31-B23F-5BC7614384BF}.Release|Win32.Build.0 = Release|Win32
		{6E901A7B-3995-4C31-B23F-5BC7614384BF}.Release|x86.ActiveCfg = Release|Win32
	EndGlobalSection
	GlobalSection(SolutionProperties) = preSolution
		HideSolutionNode = FALSE
	EndGlobalSection
EndGlobal
