<?xml version="1.0" encoding="utf-8"?>
<Project ToolsVersion="4.0" xmlns="http://schemas.microsoft.com/developer/msbuild/2003">
  <ItemGroup>
    <Filter Include="Source Files">
      <UniqueIdentifier>{4FC737F1-C7A5-4376-A066-2A32D752A2FF}</UniqueIdentifier>
      <Extensions>cpp;c;cc;cxx;def;odl;idl;hpj;bat;asm;asmx</Extensions>
    </Filter>
    <Filter Include="Engine Header Files">
      <UniqueIdentifier>{93995380-89BD-4b04-88EB-625FBE52EBFB}</UniqueIdentifier>
      <Extensions>h;hpp;hxx;hm;inl;inc;xsd</Extensions>
    </Filter>
    <Filter Include="Resource Files">
      <UniqueIdentifier>{67DA6AB6-F800-4c08-8B7A-83BB121AAD01}</UniqueIdentifier>
      <Extensions>rc;ico;cur;bmp;dlg;rc2;rct;bin;rgs;gif;jpg;jpeg;jpe;resx;tiff;tif;png;wav</Extensions>
    </Filter>
    <Filter Include="Game Classes">
      <UniqueIdentifier>{6f0a46f8-25b3-44b5-a3b0-73546868b304}</UniqueIdentifier>
    </Filter>
    <Filter Include="Engine Class Files">
      <UniqueIdentifier>{493b39c5-2500-4773-bb31-547a832a6139}</UniqueIdentifier>
    </Filter>
  </ItemGroup>
  <ItemGroup>
    <ClCompile Include="directx.cpp">
      <Filter>Source Files</Filter>
    </ClCompile>
    <ClCompile Include="input.cpp">
      <Filter>Source Files</Filter>
    </ClCompile>
    <ClCompile Include="logic.cpp">
      <Filter>Source Files</Filter>
    </ClCompile>
    <ClCompile Include="loop.cpp">
      <Filter>Source Files</Filter>
    </ClCompile>
    <ClCompile Include="render.cpp">
      <Filter>Source Files</Filter>
    </ClCompile>
    <ClCompile Include="winmain.cpp">
      <Filter>Source Files</Filter>
    </ClCompile>
    <ClCompile Include="cloth.cpp">
      <Filter>Game Classes</Filter>
    </ClCompile>
    <ClCompile Include="game.cpp">
      <Filter>Game Classes</Filter>
    </ClCompile>
    <ClCompile Include="game_loading.cpp">
      <Filter>Game Classes</Filter>
    </ClCompile>
    <ClCompile Include="particle.cpp">
      <Filter>Game Classes</Filter>
    </ClCompile>
    <ClCompile Include="camera.cpp">
      <Filter>Engine Class Files</Filter>
    </ClCompile>
    <ClCompile Include="collision.cpp">
      <Filter>Engine Class Files</Filter>
    </ClCompile>
    <ClCompile Include="gamewindow.cpp">
      <Filter>Engine Class Files</Filter>
    </ClCompile>
    <ClCompile Include="GFXloader.cpp">
      <Filter>Engine Class Files</Filter>
    </ClCompile>
    <ClCompile Include="light.cpp">
      <Filter>Engine Class Files</Filter>
    </ClCompile>
    <ClCompile Include="mesh.cpp">
      <Filter>Engine Class Files</Filter>
    </ClCompile>
    <ClCompile Include="mesh_loader.cpp">
      <Filter>Engine Class Files</Filter>
    </ClCompile>
    <ClCompile Include="shader.cpp">
      <Filter>Engine Class Files</Filter>
    </ClCompile>
    <ClCompile Include="sprite.cpp">
      <Filter>Engine Class Files</Filter>
    </ClCompile>
    <ClCompile Include="text.cpp">
      <Filter>Engine Class Files</Filter>
    </ClCompile>
    <ClCompile Include="transform.cpp">
      <Filter>Engine Class Files</Filter>
    </ClCompile>
  </ItemGroup>
  <ItemGroup>
    <ClInclude Include="global.h">
      <Filter>Source Files</Filter>
    </ClInclude>
    <ClInclude Include="includes.h">
      <Filter>Source Files</Filter>
    </ClInclude>
    <ClInclude Include="semantics.h">
      <Filter>Source Files</Filter>
    </ClInclude>
    <ClInclude Include="camera.h">
      <Filter>Engine Header Files</Filter>
    </ClInclude>
    <ClInclude Include="collision.h">
      <Filter>Engine Header Files</Filter>
    </ClInclude>
    <ClInclude Include="gamewindow.h">
      <Filter>Engine Header Files</Filter>
    </ClInclude>
    <ClInclude Include="GFXloader.h">
      <Filter>Engine Header Files</Filter>
    </ClInclude>
    <ClInclude Include="light.h">
      <Filter>Engine Header Files</Filter>
    </ClInclude>
    <ClInclude Include="mesh.h">
      <Filter>Engine Header Files</Filter>
    </ClInclude>
    <ClInclude Include="shader.h">
      <Filter>Engine Header Files</Filter>
    </ClInclude>
    <ClInclude Include="sprite.h">
      <Filter>Engine Header Files</Filter>
    </ClInclude>
    <ClInclude Include="text.h">
      <Filter>Engine Header Files</Filter>
    </ClInclude>
    <ClInclude Include="transform.h">
      <Filter>Engine Header Files</Filter>
    </ClInclude>
    <ClInclude Include="cloth.h">
      <Filter>Game Classes</Filter>
    </ClInclude>
    <ClInclude Include="float3.h">
      <Filter>Game Classes</Filter>
    </ClInclude>
    <ClInclude Include="game.h">
      <Filter>Game Classes</Filter>
    </ClInclude>
    <ClInclude Include="particle.h">
      <Filter>Game Classes</Filter>
    </ClInclude>
  </ItemGroup>
  <ItemGroup>
    <None Include="bounds.fx">
      <Filter>Resource Files</Filter>
    </None>
    <None Include="Resources\Shaders\cloth.fx">
      <Filter>Resource Files</Filter>
    </None>
    <None Include="Resources\Shaders\highlight.fx">
      <Filter>Resource Files</Filter>
    </None>
    <None Include="Resources\Shaders\main.fx">
      <Filter>Resource Files</Filter>
    </None>
    <None Include="skybox.fx">
      <Filter>Resource Files</Filter>
    </None>
    <None Include="Resources\Shaders\texture.fx">
      <Filter>Resource Files</Filter>
    </None>
    <None Include="LOG.txt" />
  </ItemGroup>
</Project>